<?xml version="1.0" encoding="utf-8"?>
<Project ToolsVersion="4.0" xmlns="http://schemas.microsoft.com/developer/msbuild/2003">
  <ItemGroup>
    <ClCompile Include="main.cpp" />
    <ClCompile Include="source\Card\CardController.cpp" />
    <ClCompile Include="source\Card\CardModel.cpp" />
    <ClCompile Include="source\Card\CardService.cpp" />
    <ClCompile Include="source\Card\CardView.cpp" />
    <ClCompile Include="source\UI\Gameplay\GameplayUIController.cpp" />
    <ClCompile Include="source\Gameplay\LevelController.cpp" />
    <ClCompile Include="source\Gameplay\LevelModel.cpp" />
    <ClCompile Include="source\Gameplay\GameplayService.cpp" />
    <ClCompile Include="source\Gameplay\LevelView.cpp" />
    <ClCompile Include="source\Graphics\GraphicService.cpp" />
    <ClCompile Include="source\Time\TimeService.cpp" />
    <ClCompile Include="source\UI\UIElement\AnimatedImageView.cpp" />
    <ClCompile Include="source\UI\UIElement\ButtonView.cpp" />
    <ClCompile Include="source\Global\Config.cpp" />
    <ClCompile Include="source\Event\EventService.cpp" />
    <ClCompile Include="source\Main\GameService.cpp" />
    <ClCompile Include="source\UI\UIElement\ImageView.cpp" />
    <ClCompile Include="source\UI\MainMenu\MainMenuUIController.cpp" />
    <ClCompile Include="source\Global\ServiceLocator.cpp" />
    <ClCompile Include="source\Sound\SoundService.cpp" />
    <ClCompile Include="source\UI\SplashScreen\SplashScreenUIController.cpp" />
    <ClCompile Include="source\UI\UIElement\TextView.cpp" />
    <ClCompile Include="source\UI\UIService.cpp" />
    <ClCompile Include="source\UI\UIElement\UIView.cpp" />
    <ClCompile Include="source\UI\Instructions\InstructionsScreenUIController.cpp" />
  </ItemGroup>
  <ItemGroup>
    <ClInclude Include="header\Card\CardConfig.h" />
    <ClInclude Include="header\Card\CardController.h" />
    <ClInclude Include="header\Card\CardModel.h" />
    <ClInclude Include="header\Card\CardService.h" />
    <ClInclude Include="header\Card\CardView.h" />
    <ClInclude Include="header\UI\Gameplay\GameplayUIController.h" />
    <ClInclude Include="header\Stack\ArrayStack\ArrayStack.h" />
    <ClInclude Include="header\Gameplay\LevelController.h" />
    <ClInclude Include="header\Gameplay\LevelModel.h" />
    <ClInclude Include="header\Gameplay\GameplayService.h" />
    <ClInclude Include="header\Gameplay\LevelView.h" />
    <ClInclude Include="header\Stack\LinkedListStack\LinkedListStack.h" />
    <ClInclude Include="header\Stack\IStack.h" />
    <ClInclude Include="header\Graphics\GraphicService.h" />
    <ClInclude Include="header\Time\TimeService.h" />
    <ClInclude Include="header\UI\Instructions\InstructionsScreenUIController.h" />
    <ClInclude Include="header\UI\UIElement\AnimatedImageView.h" />
    <ClInclude Include="header\UI\UIElement\ButtonView.h" />
    <ClInclude Include="header\Global\Config.h" />
    <ClInclude Include="header\Event\EventService.h" />
    <ClInclude Include="header\Main\GameService.h" />
    <ClInclude Include="header\UI\UIElement\ImageView.h" />
    <ClInclude Include="header\UI\Interface\IUIController.h" />
    <ClInclude Include="header\UI\MainMenu\MainMenuUIController.h" />
    <ClInclude Include="header\Global\ServiceLocator.h" />
    <ClInclude Include="header\Sound\SoundService.h" />
    <ClInclude Include="header\UI\SplashScreen\SplashScreenUIController.h" />
    <ClInclude Include="header\UI\UIElement\TextView.h" />
    <ClInclude Include="header\UI\UIService.h" />
    <ClInclude Include="header\UI\UIElement\UIView.h" />
  </ItemGroup>
</Project>